
Microsoft Visual Studio Solution File, Format Version 12.00
# Visual Studio 2012
Project("{FAE04EC0-301F-11D3-BF4B-00C04F79EFBC}") = "Helper", "Helper\Helper.csproj", "{A204CAC4-AD01-49FF-B1B3-7183E75BBB50}"
EndProject
Project("{FAE04EC0-301F-11D3-BF4B-00C04F79EFBC}") = "Utils", "Utils\Utils.csproj", "{692F5840-D580-49AB-AE5E-640163AC602D}"
EndProject
Global
	GlobalSection(SolutionConfigurationPlatforms) = preSolution
		Debug|Any CPU = Debug|Any CPU
		Release|Any CPU = Release|Any CPU
	EndGlobalSection
	GlobalSection(ProjectConfigurationPlatforms) = postSolution
		{A204CAC4-AD01-49FF-B1B3-7183E75BBB50}.Debug|Any CPU.ActiveCfg = Debug|Any CPU
		{A204CAC4-AD01-49FF-B1B3-7183E75BBB50}.Debug|Any CPU.Build.0 = Debug|Any CPU
		{A204CAC4-AD01-49FF-B1B3-7183E75BBB50}.Release|Any CPU.ActiveCfg = Release|Any CPU
		{A204CAC4-AD01-49FF-B1B3-7183E75BBB50}.Release|Any CPU.Build.0 = Release|Any CPU
		{692F5840-D580-49AB-AE5E-640163AC602D}.Debug|Any CPU.ActiveCfg = Debug|Any CPU
		{692F5840-D580-49AB-AE5E-640163AC602D}.Debug|Any CPU.Build.0 = Debug|Any CPU
		{692F5840-D580-49AB-AE5E-640163AC602D}.Release|Any CPU.ActiveCfg = Release|Any CPU
		{692F5840-D580-49AB-AE5E-640163AC602D}.Release|Any CPU.Build.0 = Release|Any CPU
	EndGlobalSection
	GlobalSection(SolutionProperties) = preSolution
		HideSolutionNode = FALSE
	EndGlobalSection
EndGlobal
